
Microsoft Visual Studio Solution File, Format Version 12.00
# Visual Studio Version 17
VisualStudioVersion = 17.13.35825.156 d17.13
MinimumVisualStudioVersion = 10.0.40219.1
Project("{FAE04EC0-301F-11D3-BF4B-00C04F79EFBC}") = "Chess", "Chess.csproj", "{EF6CC784-6101-4301-A72D-7C15C3160BDC}"
EndProject
Global
	GlobalSection(SolutionConfigurationPlatforms) = preSolution
		Debug|Any CPU = Debug|Any CPU
		Release|Any CPU = Release|Any CPU
	EndGlobalSection
	GlobalSection(ProjectConfigurationPlatforms) = postSolution
		{EF6CC784-6101-4301-A72D-7C15C3160BDC}.Debug|Any CPU.ActiveCfg = Debug|Any CPU
		{EF6CC784-6101-4301-A72D-7C15C3160BDC}.Debug|Any CPU.Build.0 = Debug|Any CPU
		{EF6CC784-6101-4301-A72D-7C15C3160BDC}.Release|Any CPU.ActiveCfg = Release|Any CPU
		{EF6CC784-6101-4301-A72D-7C15C3160BDC}.Release|Any CPU.Build.0 = Release|Any CPU
	EndGlobalSection
	GlobalSection(SolutionProperties) = preSolution
		HideSolutionNode = FALSE
	EndGlobalSection
	GlobalSection(ExtensibilityGlobals) = postSolution
		SolutionGuid = {2C173411-4ACE-4A47-A3BE-164FF1D494B5}
	EndGlobalSection
EndGlobal
